{
  "name": "color-generator",
  "version": "1.0.0",
  "lockfileVersion": 1,
  "requires": true,
  "dependencies": {
    "@elemental-design/coloralgorithm": {
      "version": "1.0.0",
      "resolved": "https://registry.npmjs.org/@elemental-design/coloralgorithm/-/coloralgorithm-1.0.0.tgz",
      "integrity": "sha512-jzXtvtYoJdT10v7muhztv9TuwelXaCZjeeh6SLh7j0IvNLvS4S6CHJCdEEHzkRQRxCZFmNgIgoZL0RA7Ozra6A==",
      "requires": {
        "bezier-easing": "^2.1.0",
        "chroma-js": "^1.3.7"
      }
    },
    "bezier-easing": {
      "version": "2.1.0",
      "resolved": "https://registry.npmjs.org/bezier-easing/-/bezier-easing-2.1.0.tgz",
      "integrity": "sha1-wE3+i5JtbsrKGBPWn/F5t8ICXYY="
    },
    "chroma-js": {
      "version": "1.4.1",
      "resolved": "https://registry.npmjs.org/chroma-js/-/chroma-js-1.4.1.tgz",
      "integrity": "sha512-jTwQiT859RTFN/vIf7s+Vl/Z2LcMrvMv3WUFmd/4u76AdlFC0NTNgqEEFPcRiHmAswPsMiQEDZLM8vX8qXpZNQ=="
    }
  }
}
